
Microsoft Visual Studio Solution File, Format Version 12.00
# Visual Studio 15
VisualStudioVersion = 15.0.27130.2010
MinimumVisualStudioVersion = 10.0.40219.1
Project("{FAE04EC0-301F-11D3-BF4B-00C04F79EFBC}") = "Training10", "Training10\Training10.csproj", "{DE546E4C-0C6A-4A36-B2AC-1E46D79A5C39}"
EndProject
Project("{FAE04EC0-301F-11D3-BF4B-00C04F79EFBC}") = "HorseCreator", "HorseCreator\HorseCreator.csproj", "{02B6AFE4-5563-4812-B049-0D29098A55AD}"
EndProject
Global
	GlobalSection(SolutionConfigurationPlatforms) = preSolution
		Debug|Any CPU = Debug|Any CPU
		Release|Any CPU = Release|Any CPU
	EndGlobalSection
	GlobalSection(ProjectConfigurationPlatforms) = postSolution
		{DE546E4C-0C6A-4A36-B2AC-1E46D79A5C39}.Debug|Any CPU.ActiveCfg = Debug|Any CPU
		{DE546E4C-0C6A-4A36-B2AC-1E46D79A5C39}.Debug|Any CPU.Build.0 = Debug|Any CPU
		{DE546E4C-0C6A-4A36-B2AC-1E46D79A5C39}.Release|Any CPU.ActiveCfg = Release|Any CPU
		{DE546E4C-0C6A-4A36-B2AC-1E46D79A5C39}.Release|Any CPU.Build.0 = Release|Any CPU
		{02B6AFE4-5563-4812-B049-0D29098A55AD}.Debug|Any CPU.ActiveCfg = Debug|Any CPU
		{02B6AFE4-5563-4812-B049-0D29098A55AD}.Debug|Any CPU.Build.0 = Debug|Any CPU
		{02B6AFE4-5563-4812-B049-0D29098A55AD}.Release|Any CPU.ActiveCfg = Release|Any CPU
		{02B6AFE4-5563-4812-B049-0D29098A55AD}.Release|Any CPU.Build.0 = Release|Any CPU
	EndGlobalSection
	GlobalSection(SolutionProperties) = preSolution
		HideSolutionNode = FALSE
	EndGlobalSection
	GlobalSection(ExtensibilityGlobals) = postSolution
		SolutionGuid = {798E6F9E-FEA5-4425-A581-4E4164E251D2}
	EndGlobalSection
EndGlobal
